
Microsoft Visual Studio Solution File, Format Version 12.00
# Visual Studio Version 16
VisualStudioVersion = 16.0.30002.166
MinimumVisualStudioVersion = 10.0.40219.1
Project("{FAE04EC0-301F-11D3-BF4B-00C04F79EFBC}") = "atividade 3 encapsulamento", "atividade 3 encapsulamento\atividade 3 encapsulamento.csproj", "{504EDA7B-AB39-4EBE-BDF5-52FB3BBA290F}"
EndProject
Global
	GlobalSection(SolutionConfigurationPlatforms) = preSolution
		Debug|Any CPU = Debug|Any CPU
		Release|Any CPU = Release|Any CPU
	EndGlobalSection
	GlobalSection(ProjectConfigurationPlatforms) = postSolution
		{504EDA7B-AB39-4EBE-BDF5-52FB3BBA290F}.Debug|Any CPU.ActiveCfg = Debug|Any CPU
		{504EDA7B-AB39-4EBE-BDF5-52FB3BBA290F}.Debug|Any CPU.Build.0 = Debug|Any CPU
		{504EDA7B-AB39-4EBE-BDF5-52FB3BBA290F}.Release|Any CPU.ActiveCfg = Release|Any CPU
		{504EDA7B-AB39-4EBE-BDF5-52FB3BBA290F}.Release|Any CPU.Build.0 = Release|Any CPU
	EndGlobalSection
	GlobalSection(SolutionProperties) = preSolution
		HideSolutionNode = FALSE
	EndGlobalSection
	GlobalSection(ExtensibilityGlobals) = postSolution
		SolutionGuid = {32270F9A-868F-48B7-9B60-142304F206B0}
	EndGlobalSection
EndGlobal
